
Microsoft Visual Studio Solution File, Format Version 12.00
# Visual Studio Version 17
VisualStudioVersion = 17.11.35201.85
MinimumVisualStudioVersion = 10.0.40219.1
Project("{FAE04EC0-301F-11D3-BF4B-00C04F79EFBC}") = "Projekat3", "Projekat3\Projekat3.csproj", "{06FDB93E-006F-4E48-A3C2-5AF06E3F074C}"
EndProject
Global
	GlobalSection(SolutionConfigurationPlatforms) = preSolution
		Debug|Any CPU = Debug|Any CPU
		Release|Any CPU = Release|Any CPU
	EndGlobalSection
	GlobalSection(ProjectConfigurationPlatforms) = postSolution
		{06FDB93E-006F-4E48-A3C2-5AF06E3F074C}.Debug|Any CPU.ActiveCfg = Debug|Any CPU
		{06FDB93E-006F-4E48-A3C2-5AF06E3F074C}.Debug|Any CPU.Build.0 = Debug|Any CPU
		{06FDB93E-006F-4E48-A3C2-5AF06E3F074C}.Release|Any CPU.ActiveCfg = Release|Any CPU
		{06FDB93E-006F-4E48-A3C2-5AF06E3F074C}.Release|Any CPU.Build.0 = Release|Any CPU
	EndGlobalSection
	GlobalSection(SolutionProperties) = preSolution
		HideSolutionNode = FALSE
	EndGlobalSection
	GlobalSection(ExtensibilityGlobals) = postSolution
		SolutionGuid = {38C6135A-7AC4-4A72-BA97-D5C6B87D176F}
	EndGlobalSection
EndGlobal
